// !$*UTF8*$!
{
	archiveVersion = 1;
	classes = {
	};
	objectVersion = 56;
	objects = {

/* Begin PBXBuildFile section */
		64CB665A2A8CBC9600EA8E8E /* SwiftUINavigatorApp.swift in Sources */ = {isa = PBXBuildFile; fileRef = 64CB66592A8CBC9600EA8E8E /* SwiftUINavigatorApp.swift */; };
		64CB665E2A8CBC9900EA8E8E /* Assets.xcassets in Resources */ = {isa = PBXBuildFile; fileRef = 64CB665D2A8CBC9900EA8E8E /* Assets.xcassets */; };
		64CB66622A8CBC9900EA8E8E /* Preview Assets.xcassets in Resources */ = {isa = PBXBuildFile; fileRef = 64CB66612A8CBC9900EA8E8E /* Preview Assets.xcassets */; };
		64CB666C2A8CBC9900EA8E8E /* SwiftUINavigatorTests.swift in Sources */ = {isa = PBXBuildFile; fileRef = 64CB666B2A8CBC9900EA8E8E /* SwiftUINavigatorTests.swift */; };
		64CB66762A8CBC9900EA8E8E /* SwiftUINavigatorUITests.swift in Sources */ = {isa = PBXBuildFile; fileRef = 64CB66752A8CBC9900EA8E8E /* SwiftUINavigatorUITests.swift */; };
		64CB66782A8CBC9900EA8E8E /* SwiftUINavigatorUITestsLaunchTests.swift in Sources */ = {isa = PBXBuildFile; fileRef = 64CB66772A8CBC9900EA8E8E /* SwiftUINavigatorUITestsLaunchTests.swift */; };
		64CB67922A8CD19F00EA8E8E /* FirstJourney in Frameworks */ = {isa = PBXBuildFile; productRef = 64CB67912A8CD19F00EA8E8E /* FirstJourney */; };
		64CB67942A8CD19F00EA8E8E /* NavigationManager in Frameworks */ = {isa = PBXBuildFile; productRef = 64CB67932A8CD19F00EA8E8E /* NavigationManager */; };
		64CB679B2A8CDAC300EA8E8E /* Auth in Frameworks */ = {isa = PBXBuildFile; productRef = 64CB679A2A8CDAC300EA8E8E /* Auth */; };
/* End PBXBuildFile section */

/* Begin PBXContainerItemProxy section */
		64CB66682A8CBC9900EA8E8E /* PBXContainerItemProxy */ = {
			isa = PBXContainerItemProxy;
			containerPortal = 64CB664E2A8CBC9600EA8E8E /* Project object */;
			proxyType = 1;
			remoteGlobalIDString = 64CB66552A8CBC9600EA8E8E;
			remoteInfo = SwiftUINavigator;
		};
		64CB66722A8CBC9900EA8E8E /* PBXContainerItemProxy */ = {
			isa = PBXContainerItemProxy;
			containerPortal = 64CB664E2A8CBC9600EA8E8E /* Project object */;
			proxyType = 1;
			remoteGlobalIDString = 64CB66552A8CBC9600EA8E8E;
			remoteInfo = SwiftUINavigator;
		};
/* End PBXContainerItemProxy section */

/* Begin PBXFileReference section */
		64CB66562A8CBC9600EA8E8E /* SwiftUINavigator.app */ = {isa = PBXFileReference; explicitFileType = wrapper.application; includeInIndex = 0; path = SwiftUINavigator.app; sourceTree = BUILT_PRODUCTS_DIR; };
		64CB66592A8CBC9600EA8E8E /* SwiftUINavigatorApp.swift */ = {isa = PBXFileReference; lastKnownFileType = sourcecode.swift; path = SwiftUINavigatorApp.swift; sourceTree = "<group>"; };
		64CB665D2A8CBC9900EA8E8E /* Assets.xcassets */ = {isa = PBXFileReference; lastKnownFileType = folder.assetcatalog; path = Assets.xcassets; sourceTree = "<group>"; };
		64CB665F2A8CBC9900EA8E8E /* SwiftUINavigator.entitlements */ = {isa = PBXFileReference; lastKnownFileType = text.plist.entitlements; path = SwiftUINavigator.entitlements; sourceTree = "<group>"; };
		64CB66612A8CBC9900EA8E8E /* Preview Assets.xcassets */ = {isa = PBXFileReference; lastKnownFileType = folder.assetcatalog; path = "Preview Assets.xcassets"; sourceTree = "<group>"; };
		64CB66672A8CBC9900EA8E8E /* SwiftUINavigatorTests.xctest */ = {isa = PBXFileReference; explicitFileType = wrapper.cfbundle; includeInIndex = 0; path = SwiftUINavigatorTests.xctest; sourceTree = BUILT_PRODUCTS_DIR; };
		64CB666B2A8CBC9900EA8E8E /* SwiftUINavigatorTests.swift */ = {isa = PBXFileReference; lastKnownFileType = sourcecode.swift; path = SwiftUINavigatorTests.swift; sourceTree = "<group>"; };
		64CB66712A8CBC9900EA8E8E /* SwiftUINavigatorUITests.xctest */ = {isa = PBXFileReference; explicitFileType = wrapper.cfbundle; includeInIndex = 0; path = SwiftUINavigatorUITests.xctest; sourceTree = BUILT_PRODUCTS_DIR; };
		64CB66752A8CBC9900EA8E8E /* SwiftUINavigatorUITests.swift */ = {isa = PBXFileReference; lastKnownFileType = sourcecode.swift; path = SwiftUINavigatorUITests.swift; sourceTree = "<group>"; };
		64CB66772A8CBC9900EA8E8E /* SwiftUINavigatorUITestsLaunchTests.swift */ = {isa = PBXFileReference; lastKnownFileType = sourcecode.swift; path = SwiftUINavigatorUITestsLaunchTests.swift; sourceTree = "<group>"; };
		64CB678E2A8CC41600EA8E8E /* NavigationManager */ = {isa = PBXFileReference; lastKnownFileType = wrapper; path = NavigationManager; sourceTree = "<group>"; };
		64CB678F2A8CC4AA00EA8E8E /* FirstJourney */ = {isa = PBXFileReference; lastKnownFileType = wrapper; path = FirstJourney; sourceTree = "<group>"; };
		64CB67992A8CD61100EA8E8E /* Auth */ = {isa = PBXFileReference; lastKnownFileType = wrapper; path = Auth; sourceTree = "<group>"; };
/* End PBXFileReference section */

/* Begin PBXFrameworksBuildPhase section */
		64CB66532A8CBC9600EA8E8E /* Frameworks */ = {
			isa = PBXFrameworksBuildPhase;
			buildActionMask = 2147483647;
			files = (
				64CB67942A8CD19F00EA8E8E /* NavigationManager in Frameworks */,
				64CB67922A8CD19F00EA8E8E /* FirstJourney in Frameworks */,
				64CB679B2A8CDAC300EA8E8E /* Auth in Frameworks */,
			);
			runOnlyForDeploymentPostprocessing = 0;
		};
		64CB66642A8CBC9900EA8E8E /* Frameworks */ = {
			isa = PBXFrameworksBuildPhase;
			buildActionMask = 2147483647;
			files = (
			);
			runOnlyForDeploymentPostprocessing = 0;
		};
		64CB666E2A8CBC9900EA8E8E /* Frameworks */ = {
			isa = PBXFrameworksBuildPhase;
			buildActionMask = 2147483647;
			files = (
			);
			runOnlyForDeploymentPostprocessing = 0;
		};
/* End PBXFrameworksBuildPhase section */

/* Begin PBXGroup section */
		64CB664D2A8CBC9600EA8E8E = {
			isa = PBXGroup;
			children = (
				64CB67992A8CD61100EA8E8E /* Auth */,
				64CB678F2A8CC4AA00EA8E8E /* FirstJourney */,
				64CB678E2A8CC41600EA8E8E /* NavigationManager */,
				64CB66582A8CBC9600EA8E8E /* SwiftUINavigator */,
				64CB666A2A8CBC9900EA8E8E /* SwiftUINavigatorTests */,
				64CB66742A8CBC9900EA8E8E /* SwiftUINavigatorUITests */,
				64CB66572A8CBC9600EA8E8E /* Products */,
				64CB67902A8CD19F00EA8E8E /* Frameworks */,
			);
			sourceTree = "<group>";
		};
		64CB66572A8CBC9600EA8E8E /* Products */ = {
			isa = PBXGroup;
			children = (
				64CB66562A8CBC9600EA8E8E /* SwiftUINavigator.app */,
				64CB66672A8CBC9900EA8E8E /* SwiftUINavigatorTests.xctest */,
				64CB66712A8CBC9900EA8E8E /* SwiftUINavigatorUITests.xctest */,
			);
			name = Products;
			sourceTree = "<group>";
		};
		64CB66582A8CBC9600EA8E8E /* SwiftUINavigator */ = {
			isa = PBXGroup;
			children = (
				64CB66592A8CBC9600EA8E8E /* SwiftUINavigatorApp.swift */,
				64CB665D2A8CBC9900EA8E8E /* Assets.xcassets */,
				64CB665F2A8CBC9900EA8E8E /* SwiftUINavigator.entitlements */,
				64CB66602A8CBC9900EA8E8E /* Preview Content */,
			);
			path = SwiftUINavigator;
			sourceTree = "<group>";
		};
		64CB66602A8CBC9900EA8E8E /* Preview Content */ = {
			isa = PBXGroup;
			children = (
				64CB66612A8CBC9900EA8E8E /* Preview Assets.xcassets */,
			);
			path = "Preview Content";
			sourceTree = "<group>";
		};
		64CB666A2A8CBC9900EA8E8E /* SwiftUINavigatorTests */ = {
			isa = PBXGroup;
			children = (
				64CB666B2A8CBC9900EA8E8E /* SwiftUINavigatorTests.swift */,
			);
			path = SwiftUINavigatorTests;
			sourceTree = "<group>";
		};
		64CB66742A8CBC9900EA8E8E /* SwiftUINavigatorUITests */ = {
			isa = PBXGroup;
			children = (
				64CB66752A8CBC9900EA8E8E /* SwiftUINavigatorUITests.swift */,
				64CB66772A8CBC9900EA8E8E /* SwiftUINavigatorUITestsLaunchTests.swift */,
			);
			path = SwiftUINavigatorUITests;
			sourceTree = "<group>";
		};
		64CB67902A8CD19F00EA8E8E /* Frameworks */ = {
			isa = PBXGroup;
			children = (
			);
			name = Frameworks;
			sourceTree = "<group>";
		};
/* End PBXGroup section */

/* Begin PBXNativeTarget section */
		64CB66552A8CBC9600EA8E8E /* SwiftUINavigator */ = {
			isa = PBXNativeTarget;
			buildConfigurationList = 64CB667B2A8CBC9900EA8E8E /* Build configuration list for PBXNativeTarget "SwiftUINavigator" */;
			buildPhases = (
				64CB66522A8CBC9600EA8E8E /* Sources */,
				64CB66532A8CBC9600EA8E8E /* Frameworks */,
				64CB66542A8CBC9600EA8E8E /* Resources */,
			);
			buildRules = (
			);
			dependencies = (
			);
			name = SwiftUINavigator;
			packageProductDependencies = (
				64CB67912A8CD19F00EA8E8E /* FirstJourney */,
				64CB67932A8CD19F00EA8E8E /* NavigationManager */,
				64CB679A2A8CDAC300EA8E8E /* Auth */,
			);
			productName = SwiftUINavigator;
			productReference = 64CB66562A8CBC9600EA8E8E /* SwiftUINavigator.app */;
			productType = "com.apple.product-type.application";
		};
		64CB66662A8CBC9900EA8E8E /* SwiftUINavigatorTests */ = {
			isa = PBXNativeTarget;
			buildConfigurationList = 64CB667E2A8CBC9900EA8E8E /* Build configuration list for PBXNativeTarget "SwiftUINavigatorTests" */;
			buildPhases = (
				64CB66632A8CBC9900EA8E8E /* Sources */,
				64CB66642A8CBC9900EA8E8E /* Frameworks */,
				64CB66652A8CBC9900EA8E8E /* Resources */,
			);
			buildRules = (
			);
			dependencies = (
				64CB66692A8CBC9900EA8E8E /* PBXTargetDependency */,
			);
			name = SwiftUINavigatorTests;
			productName = SwiftUINavigatorTests;
			productReference = 64CB66672A8CBC9900EA8E8E /* SwiftUINavigatorTests.xctest */;
			productType = "com.apple.product-type.bundle.unit-test";
		};
		64CB66702A8CBC9900EA8E8E /* SwiftUINavigatorUITests */ = {
			isa = PBXNativeTarget;
			buildConfigurationList = 64CB66812A8CBC9900EA8E8E /* Build configuration list for PBXNativeTarget "SwiftUINavigatorUITests" */;
			buildPhases = (
				64CB666D2A8CBC9900EA8E8E /* Sources */,
				64CB666E2A8CBC9900EA8E8E /* Frameworks */,
				64CB666F2A8CBC9900EA8E8E /* Resources */,
			);
			buildRules = (
			);
			dependencies = (
				64CB66732A8CBC9900EA8E8E /* PBXTargetDependency */,
			);
			name = SwiftUINavigatorUITests;
			productName = SwiftUINavigatorUITests;
			productReference = 64CB66712A8CBC9900EA8E8E /* SwiftUINavigatorUITests.xctest */;
			productType = "com.apple.product-type.bundle.ui-testing";
		};
/* End PBXNativeTarget section */

/* Begin PBXProject section */
		64CB664E2A8CBC9600EA8E8E /* Project object */ = {
			isa = PBXProject;
			attributes = {
				BuildIndependentTargetsInParallel = 1;
				LastSwiftUpdateCheck = 1420;
				LastUpgradeCheck = 1420;
				TargetAttributes = {
					64CB66552A8CBC9600EA8E8E = {
						CreatedOnToolsVersion = 14.2;
					};
					64CB66662A8CBC9900EA8E8E = {
						CreatedOnToolsVersion = 14.2;
						TestTargetID = 64CB66552A8CBC9600EA8E8E;
					};
					64CB66702A8CBC9900EA8E8E = {
						CreatedOnToolsVersion = 14.2;
						TestTargetID = 64CB66552A8CBC9600EA8E8E;
					};
				};
			};
			buildConfigurationList = 64CB66512A8CBC9600EA8E8E /* Build configuration list for PBXProject "SwiftUINavigator" */;
			compatibilityVersion = "Xcode 14.0";
			developmentRegion = en;
			hasScannedForEncodings = 0;
			knownRegions = (
				en,
				Base,
			);
			mainGroup = 64CB664D2A8CBC9600EA8E8E;
			productRefGroup = 64CB66572A8CBC9600EA8E8E /* Products */;
			projectDirPath = "";
			projectRoot = "";
			targets = (
				64CB66552A8CBC9600EA8E8E /* SwiftUINavigator */,
				64CB66662A8CBC9900EA8E8E /* SwiftUINavigatorTests */,
				64CB66702A8CBC9900EA8E8E /* SwiftUINavigatorUITests */,
			);
		};
/* End PBXProject section */

/* Begin PBXResourcesBuildPhase section */
		64CB66542A8CBC9600EA8E8E /* Resources */ = {
			isa = PBXResourcesBuildPhase;
			buildActionMask = 2147483647;
			files = (
				64CB66622A8CBC9900EA8E8E /* Preview Assets.xcassets in Resources */,
				64CB665E2A8CBC9900EA8E8E /* Assets.xcassets in Resources */,
			);
			runOnlyForDeploymentPostprocessing = 0;
		};
		64CB66652A8CBC9900EA8E8E /* Resources */ = {
			isa = PBXResourcesBuildPhase;
			buildActionMask = 2147483647;
			files = (
			);
			runOnlyForDeploymentPostprocessing = 0;
		};
		64CB666F2A8CBC9900EA8E8E /* Resources */ = {
			isa = PBXResourcesBuildPhase;
			buildActionMask = 2147483647;
			files = (
			);
			runOnlyForDeploymentPostprocessing = 0;
		};
/* End PBXResourcesBuildPhase section */

/* Begin PBXSourcesBuildPhase section */
		64CB66522A8CBC9600EA8E8E /* Sources */ = {
			isa = PBXSourcesBuildPhase;
			buildActionMask = 2147483647;
			files = (
				64CB665A2A8CBC9600EA8E8E /* SwiftUINavigatorApp.swift in Sources */,
			);
			runOnlyForDeploymentPostprocessing = 0;
		};
		64CB66632A8CBC9900EA8E8E /* Sources */ = {
			isa = PBXSourcesBuildPhase;
			buildActionMask = 2147483647;
			files = (
				64CB666C2A8CBC9900EA8E8E /* SwiftUINavigatorTests.swift in Sources */,
			);
			runOnlyForDeploymentPostprocessing = 0;
		};
		64CB666D2A8CBC9900EA8E8E /* Sources */ = {
			isa = PBXSourcesBuildPhase;
			buildActionMask = 2147483647;
			files = (
				64CB66782A8CBC9900EA8E8E /* SwiftUINavigatorUITestsLaunchTests.swift in Sources */,
				64CB66762A8CBC9900EA8E8E /* SwiftUINavigatorUITests.swift in Sources */,
			);
			runOnlyForDeploymentPostprocessing = 0;
		};
/* End PBXSourcesBuildPhase section */

/* Begin PBXTargetDependency section */
		64CB66692A8CBC9900EA8E8E /* PBXTargetDependency */ = {
			isa = PBXTargetDependency;
			target = 64CB66552A8CBC9600EA8E8E /* SwiftUINavigator */;
			targetProxy = 64CB66682A8CBC9900EA8E8E /* PBXContainerItemProxy */;
		};
		64CB66732A8CBC9900EA8E8E /* PBXTargetDependency */ = {
			isa = PBXTargetDependency;
			target = 64CB66552A8CBC9600EA8E8E /* SwiftUINavigator */;
			targetProxy = 64CB66722A8CBC9900EA8E8E /* PBXContainerItemProxy */;
		};
/* End PBXTargetDependency section */

/* Begin XCBuildConfiguration section */
		64CB66792A8CBC9900EA8E8E /* Debug */ = {
			isa = XCBuildConfiguration;
			buildSettings = {
				ALWAYS_SEARCH_USER_PATHS = NO;
				CLANG_ANALYZER_NONNULL = YES;
				CLANG_ANALYZER_NUMBER_OBJECT_CONVERSION = YES_AGGRESSIVE;
				CLANG_CXX_LANGUAGE_STANDARD = "gnu++20";
				CLANG_ENABLE_MODULES = YES;
				CLANG_ENABLE_OBJC_ARC = YES;
				CLANG_ENABLE_OBJC_WEAK = YES;
				CLANG_WARN_BLOCK_CAPTURE_AUTORELEASING = YES;
				CLANG_WARN_BOOL_CONVERSION = YES;
				CLANG_WARN_COMMA = YES;
				CLANG_WARN_CONSTANT_CONVERSION = YES;
				CLANG_WARN_DEPRECATED_OBJC_IMPLEMENTATIONS = YES;
				CLANG_WARN_DIRECT_OBJC_ISA_USAGE = YES_ERROR;
				CLANG_WARN_DOCUMENTATION_COMMENTS = YES;
				CLANG_WARN_EMPTY_BODY = YES;
				CLANG_WARN_ENUM_CONVERSION = YES;
				CLANG_WARN_INFINITE_RECURSION = YES;
				CLANG_WARN_INT_CONVERSION = YES;
				CLANG_WARN_NON_LITERAL_NULL_CONVERSION = YES;
				CLANG_WARN_OBJC_IMPLICIT_RETAIN_SELF = YES;
				CLANG_WARN_OBJC_LITERAL_CONVERSION = YES;
				CLANG_WARN_OBJC_ROOT_CLASS = YES_ERROR;
				CLANG_WARN_QUOTED_INCLUDE_IN_FRAMEWORK_HEADER = YES;
				CLANG_WARN_RANGE_LOOP_ANALYSIS = YES;
				CLANG_WARN_STRICT_PROTOTYPES = YES;
				CLANG_WARN_SUSPICIOUS_MOVE = YES;
				CLANG_WARN_UNGUARDED_AVAILABILITY = YES_AGGRESSIVE;
				CLANG_WARN_UNREACHABLE_CODE = YES;
				CLANG_WARN__DUPLICATE_METHOD_MATCH = YES;
				COPY_PHASE_STRIP = NO;
				DEBUG_INFORMATION_FORMAT = dwarf;
				ENABLE_STRICT_OBJC_MSGSEND = YES;
				ENABLE_TESTABILITY = YES;
				GCC_C_LANGUAGE_STANDARD = gnu11;
				GCC_DYNAMIC_NO_PIC = NO;
				GCC_NO_COMMON_BLOCKS = YES;
				GCC_OPTIMIZATION_LEVEL = 0;
				GCC_PREPROCESSOR_DEFINITIONS = (
					"DEBUG=1",
					"$(inherited)",
				);
				GCC_WARN_64_TO_32_BIT_CONVERSION = YES;
				GCC_WARN_ABOUT_RETURN_TYPE = YES_ERROR;
				GCC_WARN_UNDECLARED_SELECTOR = YES;
				GCC_WARN_UNINITIALIZED_AUTOS = YES_AGGRESSIVE;
				GCC_WARN_UNUSED_FUNCTION = YES;
				GCC_WARN_UNUSED_VARIABLE = YES;
				MTL_ENABLE_DEBUG_INFO = INCLUDE_SOURCE;
				MTL_FAST_MATH = YES;
				ONLY_ACTIVE_ARCH = YES;
				SWIFT_ACTIVE_COMPILATION_CONDITIONS = DEBUG;
				SWIFT_OPTIMIZATION_LEVEL = "-Onone";
			};
			name = Debug;
		};
		64CB667A2A8CBC9900EA8E8E /* Release */ = {
			isa = XCBuildConfiguration;
			buildSettings = {
				ALWAYS_SEARCH_USER_PATHS = NO;
				CLANG_ANALYZER_NONNULL = YES;
				CLANG_ANALYZER_NUMBER_OBJECT_CONVERSION = YES_AGGRESSIVE;
				CLANG_CXX_LANGUAGE_STANDARD = "gnu++20";
				CLANG_ENABLE_MODULES = YES;
				CLANG_ENABLE_OBJC_ARC = YES;
				CLANG_ENABLE_OBJC_WEAK = YES;
				CLANG_WARN_BLOCK_CAPTURE_AUTORELEASING = YES;
				CLANG_WARN_BOOL_CONVERSION = YES;
				CLANG_WARN_COMMA = YES;
				CLANG_WARN_CONSTANT_CONVERSION = YES;
				CLANG_WARN_DEPRECATED_OBJC_IMPLEMENTATIONS = YES;
				CLANG_WARN_DIRECT_OBJC_ISA_USAGE = YES_ERROR;
				CLANG_WARN_DOCUMENTATION_COMMENTS = YES;
				CLANG_WARN_EMPTY_BODY = YES;
				CLANG_WARN_ENUM_CONVERSION = YES;
				CLANG_WARN_INFINITE_RECURSION = YES;
				CLANG_WARN_INT_CONVERSION = YES;
				CLANG_WARN_NON_LITERAL_NULL_CONVERSION = YES;
				CLANG_WARN_OBJC_IMPLICIT_RETAIN_SELF = YES;
				CLANG_WARN_OBJC_LITERAL_CONVERSION = YES;
				CLANG_WARN_OBJC_ROOT_CLASS = YES_ERROR;
				CLANG_WARN_QUOTED_INCLUDE_IN_FRAMEWORK_HEADER = YES;
				CLANG_WARN_RANGE_LOOP_ANALYSIS = YES;
				CLANG_WARN_STRICT_PROTOTYPES = YES;
				CLANG_WARN_SUSPICIOUS_MOVE = YES;
				CLANG_WARN_UNGUARDED_AVAILABILITY = YES_AGGRESSIVE;
				CLANG_WARN_UNREACHABLE_CODE = YES;
				CLANG_WARN__DUPLICATE_METHOD_MATCH = YES;
				COPY_PHASE_STRIP = NO;
				DEBUG_INFORMATION_FORMAT = "dwarf-with-dsym";
				ENABLE_NS_ASSERTIONS = NO;
				ENABLE_STRICT_OBJC_MSGSEND = YES;
				GCC_C_LANGUAGE_STANDARD = gnu11;
				GCC_NO_COMMON_BLOCKS = YES;
				GCC_WARN_64_TO_32_BIT_CONVERSION = YES;
				GCC_WARN_ABOUT_RETURN_TYPE = YES_ERROR;
				GCC_WARN_UNDECLARED_SELECTOR = YES;
				GCC_WARN_UNINITIALIZED_AUTOS = YES_AGGRESSIVE;
				GCC_WARN_UNUSED_FUNCTION = YES;
				GCC_WARN_UNUSED_VARIABLE = YES;
				MTL_ENABLE_DEBUG_INFO = NO;
				MTL_FAST_MATH = YES;
				SWIFT_COMPILATION_MODE = wholemodule;
				SWIFT_OPTIMIZATION_LEVEL = "-O";
			};
			name = Release;
		};
		64CB667C2A8CBC9900EA8E8E /* Debug */ = {
			isa = XCBuildConfiguration;
			buildSettings = {
				ASSETCATALOG_COMPILER_APPICON_NAME = AppIcon;
				ASSETCATALOG_COMPILER_GLOBAL_ACCENT_COLOR_NAME = AccentColor;
				CODE_SIGN_ENTITLEMENTS = SwiftUINavigator/SwiftUINavigator.entitlements;
				CODE_SIGN_STYLE = Automatic;
				CURRENT_PROJECT_VERSION = 1;
				DEVELOPMENT_ASSET_PATHS = "\"SwiftUINavigator/Preview Content\"";
				ENABLE_PREVIEWS = YES;
				GENERATE_INFOPLIST_FILE = YES;
				"INFOPLIST_KEY_UIApplicationSceneManifest_Generation[sdk=iphoneos*]" = YES;
				"INFOPLIST_KEY_UIApplicationSceneManifest_Generation[sdk=iphonesimulator*]" = YES;
				"INFOPLIST_KEY_UIApplicationSupportsIndirectInputEvents[sdk=iphoneos*]" = YES;
				"INFOPLIST_KEY_UIApplicationSupportsIndirectInputEvents[sdk=iphonesimulator*]" = YES;
				"INFOPLIST_KEY_UILaunchScreen_Generation[sdk=iphoneos*]" = YES;
				"INFOPLIST_KEY_UILaunchScreen_Generation[sdk=iphonesimulator*]" = YES;
				"INFOPLIST_KEY_UIStatusBarStyle[sdk=iphoneos*]" = UIStatusBarStyleDefault;
				"INFOPLIST_KEY_UIStatusBarStyle[sdk=iphonesimulator*]" = UIStatusBarStyleDefault;
				INFOPLIST_KEY_UISupportedInterfaceOrientations_iPad = "UIInterfaceOrientationPortrait UIInterfaceOrientationPortraitUpsideDown UIInterfaceOrientationLandscapeLeft UIInterfaceOrientationLandscapeRight";
				INFOPLIST_KEY_UISupportedInterfaceOrientations_iPhone = "UIInterfaceOrientationPortrait UIInterfaceOrientationLandscapeLeft UIInterfaceOrientationLandscapeRight";
				IPHONEOS_DEPLOYMENT_TARGET = 16.2;
				LD_RUNPATH_SEARCH_PATHS = "@executable_path/Frameworks";
				"LD_RUNPATH_SEARCH_PATHS[sdk=macosx*]" = "@executable_path/../Frameworks";
				MACOSX_DEPLOYMENT_TARGET = 13.1;
				MARKETING_VERSION = 1.0;
				PRODUCT_BUNDLE_IDENTIFIER = com.theiosdude.SwiftUINavigator;
				PRODUCT_NAME = "$(TARGET_NAME)";
				SDKROOT = auto;
				SUPPORTED_PLATFORMS = "iphoneos iphonesimulator";
				SUPPORTS_MACCATALYST = NO;
				SUPPORTS_MAC_DESIGNED_FOR_IPHONE_IPAD = NO;
				SWIFT_EMIT_LOC_STRINGS = YES;
				SWIFT_VERSION = 5.0;
				TARGETED_DEVICE_FAMILY = "1,2";
			};
			name = Debug;
		};
		64CB667D2A8CBC9900EA8E8E /* Release */ = {
			isa = XCBuildConfiguration;
			buildSettings = {
				ASSETCATALOG_COMPILER_APPICON_NAME = AppIcon;
				ASSETCATALOG_COMPILER_GLOBAL_ACCENT_COLOR_NAME = AccentColor;
				CODE_SIGN_ENTITLEMENTS = SwiftUINavigator/SwiftUINavigator.entitlements;
				CODE_SIGN_STYLE = Automatic;
				CURRENT_PROJECT_VERSION = 1;
				DEVELOPMENT_ASSET_PATHS = "\"SwiftUINavigator/Preview Content\"";
				ENABLE_PREVIEWS = YES;
				GENERATE_INFOPLIST_FILE = YES;
				"INFOPLIST_KEY_UIApplicationSceneManifest_Generation[sdk=iphoneos*]" = YES;
				"INFOPLIST_KEY_UIApplicationSceneManifest_Generation[sdk=iphonesimulator*]" = YES;
				"INFOPLIST_KEY_UIApplicationSupportsIndirectInputEvents[sdk=iphoneos*]" = YES;
				"INFOPLIST_KEY_UIApplicationSupportsIndirectInputEvents[sdk=iphonesimulator*]" = YES;
				"INFOPLIST_KEY_UILaunchScreen_Generation[sdk=iphoneos*]" = YES;
				"INFOPLIST_KEY_UILaunchScreen_Generation[sdk=iphonesimulator*]" = YES;
				"INFOPLIST_KEY_UIStatusBarStyle[sdk=iphoneos*]" = UIStatusBarStyleDefault;
				"INFOPLIST_KEY_UIStatusBarStyle[sdk=iphonesimulator*]" = UIStatusBarStyleDefault;
				INFOPLIST_KEY_UISupportedInterfaceOrientations_iPad = "UIInterfaceOrientationPortrait UIInterfaceOrientationPortraitUpsideDown UIInterfaceOrientationLandscapeLeft UIInterfaceOrientationLandscapeRight";
				INFOPLIST_KEY_UISupportedInterfaceOrientations_iPhone = "UIInterfaceOrientationPortrait UIInterfaceOrientationLandscapeLeft UIInterfaceOrientationLandscapeRight";
				IPHONEOS_DEPLOYMENT_TARGET = 16.2;
				LD_RUNPATH_SEARCH_PATHS = "@executable_path/Frameworks";
				"LD_RUNPATH_SEARCH_PATHS[sdk=macosx*]" = "@executable_path/../Frameworks";
				MACOSX_DEPLOYMENT_TARGET = 13.1;
				MARKETING_VERSION = 1.0;
				PRODUCT_BUNDLE_IDENTIFIER = com.theiosdude.SwiftUINavigator;
				PRODUCT_NAME = "$(TARGET_NAME)";
				SDKROOT = auto;
				SUPPORTED_PLATFORMS = "iphoneos iphonesimulator";
				SUPPORTS_MACCATALYST = NO;
				SUPPORTS_MAC_DESIGNED_FOR_IPHONE_IPAD = NO;
				SWIFT_EMIT_LOC_STRINGS = YES;
				SWIFT_VERSION = 5.0;
				TARGETED_DEVICE_FAMILY = "1,2";
			};
			name = Release;
		};
		64CB667F2A8CBC9900EA8E8E /* Debug */ = {
			isa = XCBuildConfiguration;
			buildSettings = {
				ALWAYS_EMBED_SWIFT_STANDARD_LIBRARIES = YES;
				BUNDLE_LOADER = "$(TEST_HOST)";
				CODE_SIGN_STYLE = Automatic;
				CURRENT_PROJECT_VERSION = 1;
				GENERATE_INFOPLIST_FILE = YES;
				IPHONEOS_DEPLOYMENT_TARGET = 16.2;
				MACOSX_DEPLOYMENT_TARGET = 13.1;
				MARKETING_VERSION = 1.0;
				PRODUCT_BUNDLE_IDENTIFIER = com.theiosdude.SwiftUINavigatorTests;
				PRODUCT_NAME = "$(TARGET_NAME)";
				SDKROOT = auto;
				SUPPORTED_PLATFORMS = "iphoneos iphonesimulator macosx";
				SWIFT_EMIT_LOC_STRINGS = NO;
				SWIFT_VERSION = 5.0;
				TARGETED_DEVICE_FAMILY = "1,2";
				TEST_HOST = "$(BUILT_PRODUCTS_DIR)/SwiftUINavigator.app/$(BUNDLE_EXECUTABLE_FOLDER_PATH)/SwiftUINavigator";
			};
			name = Debug;
		};
		64CB66802A8CBC9900EA8E8E /* Release */ = {
			isa = XCBuildConfiguration;
			buildSettings = {
				ALWAYS_EMBED_SWIFT_STANDARD_LIBRARIES = YES;
				BUNDLE_LOADER = "$(TEST_HOST)";
				CODE_SIGN_STYLE = Automatic;
				CURRENT_PROJECT_VERSION = 1;
				GENERATE_INFOPLIST_FILE = YES;
				IPHONEOS_DEPLOYMENT_TARGET = 16.2;
				MACOSX_DEPLOYMENT_TARGET = 13.1;
				MARKETING_VERSION = 1.0;
				PRODUCT_BUNDLE_IDENTIFIER = com.theiosdude.SwiftUINavigatorTests;
				PRODUCT_NAME = "$(TARGET_NAME)";
				SDKROOT = auto;
				SUPPORTED_PLATFORMS = "iphoneos iphonesimulator macosx";
				SWIFT_EMIT_LOC_STRINGS = NO;
				SWIFT_VERSION = 5.0;
				TARGETED_DEVICE_FAMILY = "1,2";
				TEST_HOST = "$(BUILT_PRODUCTS_DIR)/SwiftUINavigator.app/$(BUNDLE_EXECUTABLE_FOLDER_PATH)/SwiftUINavigator";
			};
			name = Release;
		};
		64CB66822A8CBC9900EA8E8E /* Debug */ = {
			isa = XCBuildConfiguration;
			buildSettings = {
				ALWAYS_EMBED_SWIFT_STANDARD_LIBRARIES = YES;
				CODE_SIGN_STYLE = Automatic;
				CURRENT_PROJECT_VERSION = 1;
				GENERATE_INFOPLIST_FILE = YES;
				IPHONEOS_DEPLOYMENT_TARGET = 16.2;
				MACOSX_DEPLOYMENT_TARGET = 13.1;
				MARKETING_VERSION = 1.0;
				PRODUCT_BUNDLE_IDENTIFIER = com.theiosdude.SwiftUINavigatorUITests;
				PRODUCT_NAME = "$(TARGET_NAME)";
				SDKROOT = auto;
				SUPPORTED_PLATFORMS = "iphoneos iphonesimulator macosx";
				SWIFT_EMIT_LOC_STRINGS = NO;
				SWIFT_VERSION = 5.0;
				TARGETED_DEVICE_FAMILY = "1,2";
				TEST_TARGET_NAME = SwiftUINavigator;
			};
			name = Debug;
		};
		64CB66832A8CBC9900EA8E8E /* Release */ = {
			isa = XCBuildConfiguration;
			buildSettings = {
				ALWAYS_EMBED_SWIFT_STANDARD_LIBRARIES = YES;
				CODE_SIGN_STYLE = Automatic;
				CURRENT_PROJECT_VERSION = 1;
				GENERATE_INFOPLIST_FILE = YES;
				IPHONEOS_DEPLOYMENT_TARGET = 16.2;
				MACOSX_DEPLOYMENT_TARGET = 13.1;
				MARKETING_VERSION = 1.0;
				PRODUCT_BUNDLE_IDENTIFIER = com.theiosdude.SwiftUINavigatorUITests;
				PRODUCT_NAME = "$(TARGET_NAME)";
				SDKROOT = auto;
				SUPPORTED_PLATFORMS = "iphoneos iphonesimulator macosx";
				SWIFT_EMIT_LOC_STRINGS = NO;
				SWIFT_VERSION = 5.0;
				TARGETED_DEVICE_FAMILY = "1,2";
				TEST_TARGET_NAME = SwiftUINavigator;
			};
			name = Release;
		};
/* End XCBuildConfiguration section */

/* Begin XCConfigurationList section */
		64CB66512A8CBC9600EA8E8E /* Build configuration list for PBXProject "SwiftUINavigator" */ = {
			isa = XCConfigurationList;
			buildConfigurations = (
				64CB66792A8CBC9900EA8E8E /* Debug */,
				64CB667A2A8CBC9900EA8E8E /* Release */,
			);
			defaultConfigurationIsVisible = 0;
			defaultConfigurationName = Release;
		};
		64CB667B2A8CBC9900EA8E8E /* Build configuration list for PBXNativeTarget "SwiftUINavigator" */ = {
			isa = XCConfigurationList;
			buildConfigurations = (
				64CB667C2A8CBC9900EA8E8E /* Debug */,
				64CB667D2A8CBC9900EA8E8E /* Release */,
			);
			defaultConfigurationIsVisible = 0;
			defaultConfigurationName = Release;
		};
		64CB667E2A8CBC9900EA8E8E /* Build configuration list for PBXNativeTarget "SwiftUINavigatorTests" */ = {
			isa = XCConfigurationList;
			buildConfigurations = (
				64CB667F2A8CBC9900EA8E8E /* Debug */,
				64CB66802A8CBC9900EA8E8E /* Release */,
			);
			defaultConfigurationIsVisible = 0;
			defaultConfigurationName = Release;
		};
		64CB66812A8CBC9900EA8E8E /* Build configuration list for PBXNativeTarget "SwiftUINavigatorUITests" */ = {
			isa = XCConfigurationList;
			buildConfigurations = (
				64CB66822A8CBC9900EA8E8E /* Debug */,
				64CB66832A8CBC9900EA8E8E /* Release */,
			);
			defaultConfigurationIsVisible = 0;
			defaultConfigurationName = Release;
		};
/* End XCConfigurationList section */

/* Begin XCSwiftPackageProductDependency section */
		64CB67912A8CD19F00EA8E8E /* FirstJourney */ = {
			isa = XCSwiftPackageProductDependency;
			productName = FirstJourney;
		};
		64CB67932A8CD19F00EA8E8E /* NavigationManager */ = {
			isa = XCSwiftPackageProductDependency;
			productName = NavigationManager;
		};
		64CB679A2A8CDAC300EA8E8E /* Auth */ = {
			isa = XCSwiftPackageProductDependency;
			productName = Auth;
		};
/* End XCSwiftPackageProductDependency section */
	};
	rootObject = 64CB664E2A8CBC9600EA8E8E /* Project object */;
}
